
Microsoft Visual Studio Solution File, Format Version 12.00
# Visual Studio Version 16
VisualStudioVersion = 16.0.30320.27
MinimumVisualStudioVersion = 10.0.40219.1
Project("{FAE04EC0-301F-11D3-BF4B-00C04F79EFBC}") = "HWID Displayer", "HWID Displayer\HWID Displayer.csproj", "{226C0FAE-2D41-4414-AF39-BE49C878F304}"
EndProject
Global
	GlobalSection(SolutionConfigurationPlatforms) = preSolution
		Debug|Any CPU = Debug|Any CPU
		Release|Any CPU = Release|Any CPU
	EndGlobalSection
	GlobalSection(ProjectConfigurationPlatforms) = postSolution
		{226C0FAE-2D41-4414-AF39-BE49C878F304}.Debug|Any CPU.ActiveCfg = Debug|Any CPU
		{226C0FAE-2D41-4414-AF39-BE49C878F304}.Debug|Any CPU.Build.0 = Debug|Any CPU
		{226C0FAE-2D41-4414-AF39-BE49C878F304}.Release|Any CPU.ActiveCfg = Release|Any CPU
		{226C0FAE-2D41-4414-AF39-BE49C878F304}.Release|Any CPU.Build.0 = Release|Any CPU
	EndGlobalSection
	GlobalSection(SolutionProperties) = preSolution
		HideSolutionNode = FALSE
	EndGlobalSection
	GlobalSection(ExtensibilityGlobals) = postSolution
		SolutionGuid = {4E81DB14-3A97-4BB0-BE16-C6EB809D1103}
	EndGlobalSection
EndGlobal
