
Microsoft Visual Studio Solution File, Format Version 12.00
# Visual Studio Version 16
VisualStudioVersion = 16.0.30413.136
MinimumVisualStudioVersion = 10.0.40219.1
Project("{8BC9CEB8-8B4A-11D0-8D11-00A0C91BC942}") = "EncryptDecrypt", "EncryptDecrypt\EncryptDecrypt.vcxproj", "{CED8A121-1DB9-4716-BA1C-EA0E6ED50EA2}"
EndProject
Global
	GlobalSection(SolutionConfigurationPlatforms) = preSolution
		Debug|x64 = Debug|x64
		Debug|x86 = Debug|x86
		Release|x64 = Release|x64
		Release|x86 = Release|x86
	EndGlobalSection
	GlobalSection(ProjectConfigurationPlatforms) = postSolution
		{CED8A121-1DB9-4716-BA1C-EA0E6ED50EA2}.Debug|x64.ActiveCfg = Debug|x64
		{CED8A121-1DB9-4716-BA1C-EA0E6ED50EA2}.Debug|x64.Build.0 = Debug|x64
		{CED8A121-1DB9-4716-BA1C-EA0E6ED50EA2}.Debug|x86.ActiveCfg = Debug|Win32
		{CED8A121-1DB9-4716-BA1C-EA0E6ED50EA2}.Debug|x86.Build.0 = Debug|Win32
		{CED8A121-1DB9-4716-BA1C-EA0E6ED50EA2}.Release|x64.ActiveCfg = Release|x64
		{CED8A121-1DB9-4716-BA1C-EA0E6ED50EA2}.Release|x64.Build.0 = Release|x64
		{CED8A121-1DB9-4716-BA1C-EA0E6ED50EA2}.Release|x86.ActiveCfg = Release|Win32
		{CED8A121-1DB9-4716-BA1C-EA0E6ED50EA2}.Release|x86.Build.0 = Release|Win32
	EndGlobalSection
	GlobalSection(SolutionProperties) = preSolution
		HideSolutionNode = FALSE
	EndGlobalSection
	GlobalSection(ExtensibilityGlobals) = postSolution
		SolutionGuid = {8BF87255-CF14-4E36-B41D-D96CC23B17B6}
	EndGlobalSection
EndGlobal
