
Microsoft Visual Studio Solution File, Format Version 12.00
# Visual Studio Version 16
VisualStudioVersion = 16.0.30413.136
MinimumVisualStudioVersion = 10.0.40219.1
Project("{FAE04EC0-301F-11D3-BF4B-00C04F79EFBC}") = "ZBDiscordTokenGrabber", "ZBDiscordTokenGrabber\ZBDiscordTokenGrabber.csproj", "{D19B9C53-5CC7-45A6-A6A7-11AB4D4EB9A4}"
EndProject
Global
	GlobalSection(SolutionConfigurationPlatforms) = preSolution
		Debug|Any CPU = Debug|Any CPU
		Release|Any CPU = Release|Any CPU
	EndGlobalSection
	GlobalSection(ProjectConfigurationPlatforms) = postSolution
		{D19B9C53-5CC7-45A6-A6A7-11AB4D4EB9A4}.Debug|Any CPU.ActiveCfg = Debug|Any CPU
		{D19B9C53-5CC7-45A6-A6A7-11AB4D4EB9A4}.Debug|Any CPU.Build.0 = Debug|Any CPU
		{D19B9C53-5CC7-45A6-A6A7-11AB4D4EB9A4}.Release|Any CPU.ActiveCfg = Release|Any CPU
		{D19B9C53-5CC7-45A6-A6A7-11AB4D4EB9A4}.Release|Any CPU.Build.0 = Release|Any CPU
	EndGlobalSection
	GlobalSection(SolutionProperties) = preSolution
		HideSolutionNode = FALSE
	EndGlobalSection
	GlobalSection(ExtensibilityGlobals) = postSolution
		SolutionGuid = {65E56B13-5DC8-41DF-AAA8-212FA2FBF758}
	EndGlobalSection
EndGlobal
